
Microsoft Visual Studio Solution File, Format Version 12.00
# Visual Studio 14
VisualStudioVersion = 14.0.25420.1
MinimumVisualStudioVersion = 10.0.40219.1
Project("{2150E333-8FDC-42A3-9474-1A3956D46DE8}") = "src", "src", "{0BA2579D-673E-4131-8F3E-2ACDC510BD48}"
EndProject
Project("{2150E333-8FDC-42A3-9474-1A3956D46DE8}") = "Solution Items", "Solution Items", "{DE5A8945-49A3-4F03-9215-1BBD06F418AA}"
	ProjectSection(SolutionItems) = preProject
		global.json = global.json
		WebEssentials2015-Settings.json = WebEssentials2015-Settings.json
	EndProjectSection
EndProject
Project("{8BB2217D-0F2D-49D1-97BC-3654ED321F3B}") = "QuickRepricer.Web", "src\QuickRepricer\QuickRepricer.Web.xproj", "{C9F4D05E-33BE-4C83-B0C6-990F6E4FEC43}"
EndProject
Project("{8BB2217D-0F2D-49D1-97BC-3654ED321F3B}") = "QuickRepricer.Messages", "src\QuickRepricer.Messages\QuickRepricer.Messages.xproj", "{3170618F-5C93-4B6D-9852-1772AD2AA7DE}"
EndProject
Project("{8BB2217D-0F2D-49D1-97BC-3654ED321F3B}") = "QuickRepricer.Messaging", "src\QuickRepricer.Messaging\QuickRepricer.Messaging.xproj", "{56FD7274-9594-4A88-8AE2-15D54B53CBC4}"
EndProject
Project("{8BB2217D-0F2D-49D1-97BC-3654ED321F3B}") = "QuickRepricer.Publisher", "src\QuickRepricer.Publisher\QuickRepricer.Publisher.xproj", "{E46212F5-482F-4BE3-A164-A2AC82D84901}"
EndProject
Project("{2150E333-8FDC-42A3-9474-1A3956D46DE8}") = "test", "test", "{083C2B86-1791-41EE-90D2-A8AC5C035BCA}"
EndProject
Project("{8BB2217D-0F2D-49D1-97BC-3654ED321F3B}") = "QuickRepricer.Web.Tests", "test\QuickRepricer.Web.Tests\QuickRepricer.Web.Tests.xproj", "{3E3B488A-137C-4CDB-970B-7F143FF97DDF}"
EndProject
Project("{8BB2217D-0F2D-49D1-97BC-3654ED321F3B}") = "QuickRepricer.Mws", "src\QuickRepricer.Mws\QuickRepricer.Mws.xproj", "{63375E91-958B-40AF-936E-AA7F4378C386}"
EndProject
Project("{8BB2217D-0F2D-49D1-97BC-3654ED321F3B}") = "QuickRepricer.Catalogue", "src\QuickRepricer.Catalogue\QuickRepricer.Catalogue.xproj", "{A1B4C31A-D4AC-40EC-8537-3778C4AD6DDD}"
EndProject
Global
	GlobalSection(SolutionConfigurationPlatforms) = preSolution
		Debug|Any CPU = Debug|Any CPU
		Release|Any CPU = Release|Any CPU
	EndGlobalSection
	GlobalSection(ProjectConfigurationPlatforms) = postSolution
		{C9F4D05E-33BE-4C83-B0C6-990F6E4FEC43}.Debug|Any CPU.ActiveCfg = Debug|Any CPU
		{C9F4D05E-33BE-4C83-B0C6-990F6E4FEC43}.Debug|Any CPU.Build.0 = Debug|Any CPU
		{C9F4D05E-33BE-4C83-B0C6-990F6E4FEC43}.Release|Any CPU.ActiveCfg = Release|Any CPU
		{C9F4D05E-33BE-4C83-B0C6-990F6E4FEC43}.Release|Any CPU.Build.0 = Release|Any CPU
		{3170618F-5C93-4B6D-9852-1772AD2AA7DE}.Debug|Any CPU.ActiveCfg = Debug|Any CPU
		{3170618F-5C93-4B6D-9852-1772AD2AA7DE}.Debug|Any CPU.Build.0 = Debug|Any CPU
		{3170618F-5C93-4B6D-9852-1772AD2AA7DE}.Release|Any CPU.ActiveCfg = Release|Any CPU
		{3170618F-5C93-4B6D-9852-1772AD2AA7DE}.Release|Any CPU.Build.0 = Release|Any CPU
		{56FD7274-9594-4A88-8AE2-15D54B53CBC4}.Debug|Any CPU.ActiveCfg = Debug|Any CPU
		{56FD7274-9594-4A88-8AE2-15D54B53CBC4}.Debug|Any CPU.Build.0 = Debug|Any CPU
		{56FD7274-9594-4A88-8AE2-15D54B53CBC4}.Release|Any CPU.ActiveCfg = Release|Any CPU
		{56FD7274-9594-4A88-8AE2-15D54B53CBC4}.Release|Any CPU.Build.0 = Release|Any CPU
		{E46212F5-482F-4BE3-A164-A2AC82D84901}.Debug|Any CPU.ActiveCfg = Debug|Any CPU
		{E46212F5-482F-4BE3-A164-A2AC82D84901}.Debug|Any CPU.Build.0 = Debug|Any CPU
		{E46212F5-482F-4BE3-A164-A2AC82D84901}.Release|Any CPU.ActiveCfg = Release|Any CPU
		{E46212F5-482F-4BE3-A164-A2AC82D84901}.Release|Any CPU.Build.0 = Release|Any CPU
		{3E3B488A-137C-4CDB-970B-7F143FF97DDF}.Debug|Any CPU.ActiveCfg = Debug|Any CPU
		{3E3B488A-137C-4CDB-970B-7F143FF97DDF}.Debug|Any CPU.Build.0 = Debug|Any CPU
		{3E3B488A-137C-4CDB-970B-7F143FF97DDF}.Release|Any CPU.ActiveCfg = Release|Any CPU
		{3E3B488A-137C-4CDB-970B-7F143FF97DDF}.Release|Any CPU.Build.0 = Release|Any CPU
		{63375E91-958B-40AF-936E-AA7F4378C386}.Debug|Any CPU.ActiveCfg = Debug|Any CPU
		{63375E91-958B-40AF-936E-AA7F4378C386}.Debug|Any CPU.Build.0 = Debug|Any CPU
		{63375E91-958B-40AF-936E-AA7F4378C386}.Release|Any CPU.ActiveCfg = Release|Any CPU
		{63375E91-958B-40AF-936E-AA7F4378C386}.Release|Any CPU.Build.0 = Release|Any CPU
		{A1B4C31A-D4AC-40EC-8537-3778C4AD6DDD}.Debug|Any CPU.ActiveCfg = Debug|Any CPU
		{A1B4C31A-D4AC-40EC-8537-3778C4AD6DDD}.Debug|Any CPU.Build.0 = Debug|Any CPU
		{A1B4C31A-D4AC-40EC-8537-3778C4AD6DDD}.Release|Any CPU.ActiveCfg = Release|Any CPU
		{A1B4C31A-D4AC-40EC-8537-3778C4AD6DDD}.Release|Any CPU.Build.0 = Release|Any CPU
	EndGlobalSection
	GlobalSection(SolutionProperties) = preSolution
		HideSolutionNode = FALSE
	EndGlobalSection
	GlobalSection(NestedProjects) = preSolution
		{C9F4D05E-33BE-4C83-B0C6-990F6E4FEC43} = {0BA2579D-673E-4131-8F3E-2ACDC510BD48}
		{3170618F-5C93-4B6D-9852-1772AD2AA7DE} = {0BA2579D-673E-4131-8F3E-2ACDC510BD48}
		{56FD7274-9594-4A88-8AE2-15D54B53CBC4} = {0BA2579D-673E-4131-8F3E-2ACDC510BD48}
		{E46212F5-482F-4BE3-A164-A2AC82D84901} = {0BA2579D-673E-4131-8F3E-2ACDC510BD48}
		{3E3B488A-137C-4CDB-970B-7F143FF97DDF} = {083C2B86-1791-41EE-90D2-A8AC5C035BCA}
		{63375E91-958B-40AF-936E-AA7F4378C386} = {0BA2579D-673E-4131-8F3E-2ACDC510BD48}
		{A1B4C31A-D4AC-40EC-8537-3778C4AD6DDD} = {0BA2579D-673E-4131-8F3E-2ACDC510BD48}
	EndGlobalSection
EndGlobal
